
Microsoft Visual Studio Solution File, Format Version 12.00
# Visual Studio Version 17
VisualStudioVersion = 17.1.31903.286
MinimumVisualStudioVersion = 10.0.40219.1
Project("{FAE04EC0-301F-11D3-BF4B-00C04F79EFBC}") = "CheckShopApp", "CheckShopApp.csproj", "{B093B5D9-94C0-49AB-8690-9E0B06CB289C}"
EndProject
Global
	GlobalSection(SolutionConfigurationPlatforms) = preSolution
		Debug|Any CPU = Debug|Any CPU
		Release|Any CPU = Release|Any CPU
	EndGlobalSection
	GlobalSection(ProjectConfigurationPlatforms) = postSolution
		{B093B5D9-94C0-49AB-8690-9E0B06CB289C}.Debug|Any CPU.ActiveCfg = Debug|Any CPU
		{B093B5D9-94C0-49AB-8690-9E0B06CB289C}.Debug|Any CPU.Build.0 = Debug|Any CPU
		{B093B5D9-94C0-49AB-8690-9E0B06CB289C}.Release|Any CPU.ActiveCfg = Release|Any CPU
		{B093B5D9-94C0-49AB-8690-9E0B06CB289C}.Release|Any CPU.Build.0 = Release|Any CPU
	EndGlobalSection
	GlobalSection(SolutionProperties) = preSolution
		HideSolutionNode = FALSE
	EndGlobalSection
	GlobalSection(ExtensibilityGlobals) = postSolution
		SolutionGuid = {B0715502-F08B-43BC-8544-C85F7E10543B}
	EndGlobalSection
EndGlobal
